// !$*UTF8*$!
{
	archiveVersion = 1;
	classes = {
	};
	objectVersion = 50;
	objects = {

/* Begin PBXBuildFile section */
		AB0C90DD22C5B2000029D192 /* AppDelegate.swift in Sources */ = {isa = PBXBuildFile; fileRef = AB0C90DC22C5B2000029D192 /* AppDelegate.swift */; };
		AB0C90DF22C5B2000029D192 /* HeartRateViewController.swift in Sources */ = {isa = PBXBuildFile; fileRef = AB0C90DE22C5B2000029D192 /* HeartRateViewController.swift */; };
		AB0C90E222C5B2000029D192 /* Main.storyboard in Resources */ = {isa = PBXBuildFile; fileRef = AB0C90E022C5B2000029D192 /* Main.storyboard */; };
		AB0C90E422C5B2050029D192 /* Assets.xcassets in Resources */ = {isa = PBXBuildFile; fileRef = AB0C90E322C5B2050029D192 /* Assets.xcassets */; };
		AB0C90E722C5B2050029D192 /* LaunchScreen.storyboard in Resources */ = {isa = PBXBuildFile; fileRef = AB0C90E522C5B2050029D192 /* LaunchScreen.storyboard */; };
		AB0C90F322C6B2A60029D192 /* Common.swift in Sources */ = {isa = PBXBuildFile; fileRef = AB0C90F222C6B2A60029D192 /* Common.swift */; };
/* End PBXBuildFile section */

/* Begin PBXFileReference section */
		AB0C90D922C5B2000029D192 /* HeartRateMonitor.app */ = {isa = PBXFileReference; explicitFileType = wrapper.application; includeInIndex = 0; path = HeartRateMonitor.app; sourceTree = BUILT_PRODUCTS_DIR; };
		AB0C90DC22C5B2000029D192 /* AppDelegate.swift */ = {isa = PBXFileReference; lastKnownFileType = sourcecode.swift; path = AppDelegate.swift; sourceTree = "<group>"; };
		AB0C90DE22C5B2000029D192 /* HeartRateViewController.swift */ = {isa = PBXFileReference; lastKnownFileType = sourcecode.swift; path = HeartRateViewController.swift; sourceTree = "<group>"; };
		AB0C90E122C5B2000029D192 /* Base */ = {isa = PBXFileReference; lastKnownFileType = file.storyboard; name = Base; path = Base.lproj/Main.storyboard; sourceTree = "<group>"; };
		AB0C90E322C5B2050029D192 /* Assets.xcassets */ = {isa = PBXFileReference; lastKnownFileType = folder.assetcatalog; path = Assets.xcassets; sourceTree = "<group>"; };
		AB0C90E622C5B2050029D192 /* Base */ = {isa = PBXFileReference; lastKnownFileType = file.storyboard; name = Base; path = Base.lproj/LaunchScreen.storyboard; sourceTree = "<group>"; };
		AB0C90E822C5B2050029D192 /* Info.plist */ = {isa = PBXFileReference; lastKnownFileType = text.plist.xml; path = Info.plist; sourceTree = "<group>"; };
		AB0C90F222C6B2A60029D192 /* Common.swift */ = {isa = PBXFileReference; lastKnownFileType = sourcecode.swift; path = Common.swift; sourceTree = "<group>"; };
/* End PBXFileReference section */

/* Begin PBXFrameworksBuildPhase section */
		AB0C90D622C5B2000029D192 /* Frameworks */ = {
			isa = PBXFrameworksBuildPhase;
			buildActionMask = 2147483647;
			files = (
			);
			runOnlyForDeploymentPostprocessing = 0;
		};
/* End PBXFrameworksBuildPhase section */

/* Begin PBXGroup section */
		AB0C90D022C5B2000029D192 = {
			isa = PBXGroup;
			children = (
				AB0C90DB22C5B2000029D192 /* HeartRateMonitor */,
				AB0C90DA22C5B2000029D192 /* Products */,
			);
			sourceTree = "<group>";
		};
		AB0C90DA22C5B2000029D192 /* Products */ = {
			isa = PBXGroup;
			children = (
				AB0C90D922C5B2000029D192 /* HeartRateMonitor.app */,
			);
			name = Products;
			sourceTree = "<group>";
		};
		AB0C90DB22C5B2000029D192 /* HeartRateMonitor */ = {
			isa = PBXGroup;
			children = (
				AB0C90F022C6B2360029D192 /* Appdelegate */,
				AB0C90EE22C6B1FC0029D192 /* ViewControllers */,
				AB0C90EF22C6B20C0029D192 /* Storyboard */,
				AB0C90F122C6B28B0029D192 /* Helper */,
				AB0C90E322C5B2050029D192 /* Assets.xcassets */,
				AB0C90E522C5B2050029D192 /* LaunchScreen.storyboard */,
				AB0C90E822C5B2050029D192 /* Info.plist */,
			);
			path = HeartRateMonitor;
			sourceTree = "<group>";
		};
		AB0C90EE22C6B1FC0029D192 /* ViewControllers */ = {
			isa = PBXGroup;
			children = (
				AB0C90DE22C5B2000029D192 /* HeartRateViewController.swift */,
			);
			path = ViewControllers;
			sourceTree = "<group>";
		};
		AB0C90EF22C6B20C0029D192 /* Storyboard */ = {
			isa = PBXGroup;
			children = (
				AB0C90E022C5B2000029D192 /* Main.storyboard */,
			);
			path = Storyboard;
			sourceTree = "<group>";
		};
		AB0C90F022C6B2360029D192 /* Appdelegate */ = {
			isa = PBXGroup;
			children = (
				AB0C90DC22C5B2000029D192 /* AppDelegate.swift */,
			);
			path = Appdelegate;
			sourceTree = "<group>";
		};
		AB0C90F122C6B28B0029D192 /* Helper */ = {
			isa = PBXGroup;
			children = (
				AB0C90F222C6B2A60029D192 /* Common.swift */,
			);
			path = Helper;
			sourceTree = "<group>";
		};
/* End PBXGroup section */

/* Begin PBXNativeTarget section */
		AB0C90D822C5B2000029D192 /* HeartRateMonitor */ = {
			isa = PBXNativeTarget;
			buildConfigurationList = AB0C90EB22C5B2050029D192 /* Build configuration list for PBXNativeTarget "HeartRateMonitor" */;
			buildPhases = (
				AB0C90D522C5B2000029D192 /* Sources */,
				AB0C90D622C5B2000029D192 /* Frameworks */,
				AB0C90D722C5B2000029D192 /* Resources */,
			);
			buildRules = (
			);
			dependencies = (
			);
			name = HeartRateMonitor;
			productName = HeartRateMonitor;
			productReference = AB0C90D922C5B2000029D192 /* HeartRateMonitor.app */;
			productType = "com.apple.product-type.application";
		};
/* End PBXNativeTarget section */

/* Begin PBXProject section */
		AB0C90D122C5B2000029D192 /* Project object */ = {
			isa = PBXProject;
			attributes = {
				LastSwiftUpdateCheck = 1020;
				LastUpgradeCheck = 1020;
				ORGANIZATIONNAME = BodiTrak;
				TargetAttributes = {
					AB0C90D822C5B2000029D192 = {
						CreatedOnToolsVersion = 10.2.1;
					};
				};
			};
			buildConfigurationList = AB0C90D422C5B2000029D192 /* Build configuration list for PBXProject "HeartRateMonitor" */;
			compatibilityVersion = "Xcode 9.3";
			developmentRegion = en;
			hasScannedForEncodings = 0;
			knownRegions = (
				en,
				Base,
			);
			mainGroup = AB0C90D022C5B2000029D192;
			productRefGroup = AB0C90DA22C5B2000029D192 /* Products */;
			projectDirPath = "";
			projectRoot = "";
			targets = (
				AB0C90D822C5B2000029D192 /* HeartRateMonitor */,
			);
		};
/* End PBXProject section */

/* Begin PBXResourcesBuildPhase section */
		AB0C90D722C5B2000029D192 /* Resources */ = {
			isa = PBXResourcesBuildPhase;
			buildActionMask = 2147483647;
			files = (
				AB0C90E722C5B2050029D192 /* LaunchScreen.storyboard in Resources */,
				AB0C90E422C5B2050029D192 /* Assets.xcassets in Resources */,
				AB0C90E222C5B2000029D192 /* Main.storyboard in Resources */,
			);
			runOnlyForDeploymentPostprocessing = 0;
		};
/* End PBXResourcesBuildPhase section */

/* Begin PBXSourcesBuildPhase section */
		AB0C90D522C5B2000029D192 /* Sources */ = {
			isa = PBXSourcesBuildPhase;
			buildActionMask = 2147483647;
			files = (
				AB0C90DF22C5B2000029D192 /* HeartRateViewController.swift in Sources */,
				AB0C90F322C6B2A60029D192 /* Common.swift in Sources */,
				AB0C90DD22C5B2000029D192 /* AppDelegate.swift in Sources */,
			);
			runOnlyForDeploymentPostprocessing = 0;
		};
/* End PBXSourcesBuildPhase section */

/* Begin PBXVariantGroup section */
		AB0C90E022C5B2000029D192 /* Main.storyboard */ = {
			isa = PBXVariantGroup;
			children = (
				AB0C90E122C5B2000029D192 /* Base */,
			);
			name = Main.storyboard;
			sourceTree = "<group>";
		};
		AB0C90E522C5B2050029D192 /* LaunchScreen.storyboard */ = {
			isa = PBXVariantGroup;
			children = (
				AB0C90E622C5B2050029D192 /* Base */,
			);
			name = LaunchScreen.storyboard;
			sourceTree = "<group>";
		};
/* End PBXVariantGroup section */

/* Begin XCBuildConfiguration section */
		AB0C90E922C5B2050029D192 /* Debug */ = {
			isa = XCBuildConfiguration;
			buildSettings = {
				ALWAYS_SEARCH_USER_PATHS = NO;
				CLANG_ANALYZER_NONNULL = YES;
				CLANG_ANALYZER_NUMBER_OBJECT_CONVERSION = YES_AGGRESSIVE;
				CLANG_CXX_LANGUAGE_STANDARD = "gnu++14";
				CLANG_CXX_LIBRARY = "libc++";
				CLANG_ENABLE_MODULES = YES;
				CLANG_ENABLE_OBJC_ARC = YES;
				CLANG_ENABLE_OBJC_WEAK = YES;
				CLANG_WARN_BLOCK_CAPTURE_AUTORELEASING = YES;
				CLANG_WARN_BOOL_CONVERSION = YES;
				CLANG_WARN_COMMA = YES;
				CLANG_WARN_CONSTANT_CONVERSION = YES;
				CLANG_WARN_DEPRECATED_OBJC_IMPLEMENTATIONS = YES;
				CLANG_WARN_DIRECT_OBJC_ISA_USAGE = YES_ERROR;
				CLANG_WARN_DOCUMENTATION_COMMENTS = YES;
				CLANG_WARN_EMPTY_BODY = YES;
				CLANG_WARN_ENUM_CONVERSION = YES;
				CLANG_WARN_INFINITE_RECURSION = YES;
				CLANG_WARN_INT_CONVERSION = YES;
				CLANG_WARN_NON_LITERAL_NULL_CONVERSION = YES;
				CLANG_WARN_OBJC_IMPLICIT_RETAIN_SELF = YES;
				CLANG_WARN_OBJC_LITERAL_CONVERSION = YES;
				CLANG_WARN_OBJC_ROOT_CLASS = YES_ERROR;
				CLANG_WARN_RANGE_LOOP_ANALYSIS = YES;
				CLANG_WARN_STRICT_PROTOTYPES = YES;
				CLANG_WARN_SUSPICIOUS_MOVE = YES;
				CLANG_WARN_UNGUARDED_AVAILABILITY = YES_AGGRESSIVE;
				CLANG_WARN_UNREACHABLE_CODE = YES;
				CLANG_WARN__DUPLICATE_METHOD_MATCH = YES;
				CODE_SIGN_IDENTITY = "iPhone Developer";
				COPY_PHASE_STRIP = NO;
				DEBUG_INFORMATION_FORMAT = dwarf;
				ENABLE_STRICT_OBJC_MSGSEND = YES;
				ENABLE_TESTABILITY = YES;
				GCC_C_LANGUAGE_STANDARD = gnu11;
				GCC_DYNAMIC_NO_PIC = NO;
				GCC_NO_COMMON_BLOCKS = YES;
				GCC_OPTIMIZATION_LEVEL = 0;
				GCC_PREPROCESSOR_DEFINITIONS = (
					"DEBUG=1",
					"$(inherited)",
				);
				GCC_WARN_64_TO_32_BIT_CONVERSION = YES;
				GCC_WARN_ABOUT_RETURN_TYPE = YES_ERROR;
				GCC_WARN_UNDECLARED_SELECTOR = YES;
				GCC_WARN_UNINITIALIZED_AUTOS = YES_AGGRESSIVE;
				GCC_WARN_UNUSED_FUNCTION = YES;
				GCC_WARN_UNUSED_VARIABLE = YES;
				IPHONEOS_DEPLOYMENT_TARGET = 12.2;
				MTL_ENABLE_DEBUG_INFO = INCLUDE_SOURCE;
				MTL_FAST_MATH = YES;
				ONLY_ACTIVE_ARCH = YES;
				SDKROOT = iphoneos;
				SWIFT_ACTIVE_COMPILATION_CONDITIONS = DEBUG;
				SWIFT_OPTIMIZATION_LEVEL = "-Onone";
			};
			name = Debug;
		};
		AB0C90EA22C5B2050029D192 /* Release */ = {
			isa = XCBuildConfiguration;
			buildSettings = {
				ALWAYS_SEARCH_USER_PATHS = NO;
				CLANG_ANALYZER_NONNULL = YES;
				CLANG_ANALYZER_NUMBER_OBJECT_CONVERSION = YES_AGGRESSIVE;
				CLANG_CXX_LANGUAGE_STANDARD = "gnu++14";
				CLANG_CXX_LIBRARY = "libc++";
				CLANG_ENABLE_MODULES = YES;
				CLANG_ENABLE_OBJC_ARC = YES;
				CLANG_ENABLE_OBJC_WEAK = YES;
				CLANG_WARN_BLOCK_CAPTURE_AUTORELEASING = YES;
				CLANG_WARN_BOOL_CONVERSION = YES;
				CLANG_WARN_COMMA = YES;
				CLANG_WARN_CONSTANT_CONVERSION = YES;
				CLANG_WARN_DEPRECATED_OBJC_IMPLEMENTATIONS = YES;
				CLANG_WARN_DIRECT_OBJC_ISA_USAGE = YES_ERROR;
				CLANG_WARN_DOCUMENTATION_COMMENTS = YES;
				CLANG_WARN_EMPTY_BODY = YES;
				CLANG_WARN_ENUM_CONVERSION = YES;
				CLANG_WARN_INFINITE_RECURSION = YES;
				CLANG_WARN_INT_CONVERSION = YES;
				CLANG_WARN_NON_LITERAL_NULL_CONVERSION = YES;
				CLANG_WARN_OBJC_IMPLICIT_RETAIN_SELF = YES;
				CLANG_WARN_OBJC_LITERAL_CONVERSION = YES;
				CLANG_WARN_OBJC_ROOT_CLASS = YES_ERROR;
				CLANG_WARN_RANGE_LOOP_ANALYSIS = YES;
				CLANG_WARN_STRICT_PROTOTYPES = YES;
				CLANG_WARN_SUSPICIOUS_MOVE = YES;
				CLANG_WARN_UNGUARDED_AVAILABILITY = YES_AGGRESSIVE;
				CLANG_WARN_UNREACHABLE_CODE = YES;
				CLANG_WARN__DUPLICATE_METHOD_MATCH = YES;
				CODE_SIGN_IDENTITY = "iPhone Developer";
				COPY_PHASE_STRIP = NO;
				DEBUG_INFORMATION_FORMAT = "dwarf-with-dsym";
				ENABLE_NS_ASSERTIONS = NO;
				ENABLE_STRICT_OBJC_MSGSEND = YES;
				GCC_C_LANGUAGE_STANDARD = gnu11;
				GCC_NO_COMMON_BLOCKS = YES;
				GCC_WARN_64_TO_32_BIT_CONVERSION = YES;
				GCC_WARN_ABOUT_RETURN_TYPE = YES_ERROR;
				GCC_WARN_UNDECLARED_SELECTOR = YES;
				GCC_WARN_UNINITIALIZED_AUTOS = YES_AGGRESSIVE;
				GCC_WARN_UNUSED_FUNCTION = YES;
				GCC_WARN_UNUSED_VARIABLE = YES;
				IPHONEOS_DEPLOYMENT_TARGET = 12.2;
				MTL_ENABLE_DEBUG_INFO = NO;
				MTL_FAST_MATH = YES;
				SDKROOT = iphoneos;
				SWIFT_COMPILATION_MODE = wholemodule;
				SWIFT_OPTIMIZATION_LEVEL = "-O";
				VALIDATE_PRODUCT = YES;
			};
			name = Release;
		};
		AB0C90EC22C5B2050029D192 /* Debug */ = {
			isa = XCBuildConfiguration;
			buildSettings = {
				ASSETCATALOG_COMPILER_APPICON_NAME = AppIcon;
				CODE_SIGN_STYLE = Automatic;
				DEVELOPMENT_TEAM = 3SE5L5Z43C;
				INFOPLIST_FILE = HeartRateMonitor/Info.plist;
				LD_RUNPATH_SEARCH_PATHS = (
					"$(inherited)",
					"@executable_path/Frameworks",
				);
				PRODUCT_BUNDLE_IDENTIFIER = BodiTrak.HeartRateMonitor;
				PRODUCT_NAME = "$(TARGET_NAME)";
				SWIFT_VERSION = 5.0;
				TARGETED_DEVICE_FAMILY = "1,2";
			};
			name = Debug;
		};
		AB0C90ED22C5B2050029D192 /* Release */ = {
			isa = XCBuildConfiguration;
			buildSettings = {
				ASSETCATALOG_COMPILER_APPICON_NAME = AppIcon;
				CODE_SIGN_STYLE = Automatic;
				DEVELOPMENT_TEAM = 3SE5L5Z43C;
				INFOPLIST_FILE = HeartRateMonitor/Info.plist;
				LD_RUNPATH_SEARCH_PATHS = (
					"$(inherited)",
					"@executable_path/Frameworks",
				);
				PRODUCT_BUNDLE_IDENTIFIER = BodiTrak.HeartRateMonitor;
				PRODUCT_NAME = "$(TARGET_NAME)";
				SWIFT_VERSION = 5.0;
				TARGETED_DEVICE_FAMILY = "1,2";
			};
			name = Release;
		};
/* End XCBuildConfiguration section */

/* Begin XCConfigurationList section */
		AB0C90D422C5B2000029D192 /* Build configuration list for PBXProject "HeartRateMonitor" */ = {
			isa = XCConfigurationList;
			buildConfigurations = (
				AB0C90E922C5B2050029D192 /* Debug */,
				AB0C90EA22C5B2050029D192 /* Release */,
			);
			defaultConfigurationIsVisible = 0;
			defaultConfigurationName = Release;
		};
		AB0C90EB22C5B2050029D192 /* Build configuration list for PBXNativeTarget "HeartRateMonitor" */ = {
			isa = XCConfigurationList;
			buildConfigurations = (
				AB0C90EC22C5B2050029D192 /* Debug */,
				AB0C90ED22C5B2050029D192 /* Release */,
			);
			defaultConfigurationIsVisible = 0;
			defaultConfigurationName = Release;
		};
/* End XCConfigurationList section */
	};
	rootObject = AB0C90D122C5B2000029D192 /* Project object */;
}
